// !$*UTF8*$!
{
	archiveVersion = 1;
	classes = {
	};
	objectVersion = 77;
	objects = {

/* Begin PBXContainerItemProxy section */
		35E9BA172E3FE23600FEAACC /* PBXContainerItemProxy */ = {
			isa = PBXContainerItemProxy;
			containerPortal = 35E9BA012E3FE23400FEAACC /* Project object */;
			proxyType = 1;
			remoteGlobalIDString = 35E9BA082E3FE23400FEAACC;
			remoteInfo = addingToAListOfWords;
		};
		35E9BA212E3FE23600FEAACC /* PBXContainerItemProxy */ = {
			isa = PBXContainerItemProxy;
			containerPortal = 35E9BA012E3FE23400FEAACC /* Project object */;
			proxyType = 1;
			remoteGlobalIDString = 35E9BA082E3FE23400FEAACC;
			remoteInfo = addingToAListOfWords;
		};
/* End PBXContainerItemProxy section */

/* Begin PBXFileReference section */
		35E9BA092E3FE23400FEAACC /* addingToAListOfWords.app */ = {isa = PBXFileReference; explicitFileType = wrapper.application; includeInIndex = 0; path = addingToAListOfWords.app; sourceTree = BUILT_PRODUCTS_DIR; };
		35E9BA162E3FE23600FEAACC /* addingToAListOfWordsTests.xctest */ = {isa = PBXFileReference; explicitFileType = wrapper.cfbundle; includeInIndex = 0; path = addingToAListOfWordsTests.xctest; sourceTree = BUILT_PRODUCTS_DIR; };
		35E9BA202E3FE23600FEAACC /* addingToAListOfWordsUITests.xctest */ = {isa = PBXFileReference; explicitFileType = wrapper.cfbundle; includeInIndex = 0; path = addingToAListOfWordsUITests.xctest; sourceTree = BUILT_PRODUCTS_DIR; };
/* End PBXFileReference section */

/* Begin PBXFileSystemSynchronizedRootGroup section */
		35E9BA0B2E3FE23400FEAACC /* addingToAListOfWords */ = {
			isa = PBXFileSystemSynchronizedRootGroup;
			path = addingToAListOfWords;
			sourceTree = "<group>";
		};
		35E9BA192E3FE23600FEAACC /* addingToAListOfWordsTests */ = {
			isa = PBXFileSystemSynchronizedRootGroup;
			path = addingToAListOfWordsTests;
			sourceTree = "<group>";
		};
		35E9BA232E3FE23600FEAACC /* addingToAListOfWordsUITests */ = {
			isa = PBXFileSystemSynchronizedRootGroup;
			path = addingToAListOfWordsUITests;
			sourceTree = "<group>";
		};
/* End PBXFileSystemSynchronizedRootGroup section */

/* Begin PBXFrameworksBuildPhase section */
		35E9BA062E3FE23400FEAACC /* Frameworks */ = {
			isa = PBXFrameworksBuildPhase;
			buildActionMask = 2147483647;
			files = (
			);
			runOnlyForDeploymentPostprocessing = 0;
		};
		35E9BA132E3FE23600FEAACC /* Frameworks */ = {
			isa = PBXFrameworksBuildPhase;
			buildActionMask = 2147483647;
			files = (
			);
			runOnlyForDeploymentPostprocessing = 0;
		};
		35E9BA1D2E3FE23600FEAACC /* Frameworks */ = {
			isa = PBXFrameworksBuildPhase;
			buildActionMask = 2147483647;
			files = (
			);
			runOnlyForDeploymentPostprocessing = 0;
		};
/* End PBXFrameworksBuildPhase section */

/* Begin PBXGroup section */
		35E9BA002E3FE23400FEAACC = {
			isa = PBXGroup;
			children = (
				35E9BA0B2E3FE23400FEAACC /* addingToAListOfWords */,
				35E9BA192E3FE23600FEAACC /* addingToAListOfWordsTests */,
				35E9BA232E3FE23600FEAACC /* addingToAListOfWordsUITests */,
				35E9BA0A2E3FE23400FEAACC /* Products */,
			);
			sourceTree = "<group>";
		};
		35E9BA0A2E3FE23400FEAACC /* Products */ = {
			isa = PBXGroup;
			children = (
				35E9BA092E3FE23400FEAACC /* addingToAListOfWords.app */,
				35E9BA162E3FE23600FEAACC /* addingToAListOfWordsTests.xctest */,
				35E9BA202E3FE23600FEAACC /* addingToAListOfWordsUITests.xctest */,
			);
			name = Products;
			sourceTree = "<group>";
		};
/* End PBXGroup section */

/* Begin PBXNativeTarget section */
		35E9BA082E3FE23400FEAACC /* addingToAListOfWords */ = {
			isa = PBXNativeTarget;
			buildConfigurationList = 35E9BA2A2E3FE23600FEAACC /* Build configuration list for PBXNativeTarget "addingToAListOfWords" */;
			buildPhases = (
				35E9BA052E3FE23400FEAACC /* Sources */,
				35E9BA062E3FE23400FEAACC /* Frameworks */,
				35E9BA072E3FE23400FEAACC /* Resources */,
			);
			buildRules = (
			);
			dependencies = (
			);
			fileSystemSynchronizedGroups = (
				35E9BA0B2E3FE23400FEAACC /* addingToAListOfWords */,
			);
			name = addingToAListOfWords;
			packageProductDependencies = (
			);
			productName = addingToAListOfWords;
			productReference = 35E9BA092E3FE23400FEAACC /* addingToAListOfWords.app */;
			productType = "com.apple.product-type.application";
		};
		35E9BA152E3FE23600FEAACC /* addingToAListOfWordsTests */ = {
			isa = PBXNativeTarget;
			buildConfigurationList = 35E9BA2D2E3FE23600FEAACC /* Build configuration list for PBXNativeTarget "addingToAListOfWordsTests" */;
			buildPhases = (
				35E9BA122E3FE23600FEAACC /* Sources */,
				35E9BA132E3FE23600FEAACC /* Frameworks */,
				35E9BA142E3FE23600FEAACC /* Resources */,
			);
			buildRules = (
			);
			dependencies = (
				35E9BA182E3FE23600FEAACC /* PBXTargetDependency */,
			);
			fileSystemSynchronizedGroups = (
				35E9BA192E3FE23600FEAACC /* addingToAListOfWordsTests */,
			);
			name = addingToAListOfWordsTests;
			packageProductDependencies = (
			);
			productName = addingToAListOfWordsTests;
			productReference = 35E9BA162E3FE23600FEAACC /* addingToAListOfWordsTests.xctest */;
			productType = "com.apple.product-type.bundle.unit-test";
		};
		35E9BA1F2E3FE23600FEAACC /* addingToAListOfWordsUITests */ = {
			isa = PBXNativeTarget;
			buildConfigurationList = 35E9BA302E3FE23600FEAACC /* Build configuration list for PBXNativeTarget "addingToAListOfWordsUITests" */;
			buildPhases = (
				35E9BA1C2E3FE23600FEAACC /* Sources */,
				35E9BA1D2E3FE23600FEAACC /* Frameworks */,
				35E9BA1E2E3FE23600FEAACC /* Resources */,
			);
			buildRules = (
			);
			dependencies = (
				35E9BA222E3FE23600FEAACC /* PBXTargetDependency */,
			);
			fileSystemSynchronizedGroups = (
				35E9BA232E3FE23600FEAACC /* addingToAListOfWordsUITests */,
			);
			name = addingToAListOfWordsUITests;
			packageProductDependencies = (
			);
			productName = addingToAListOfWordsUITests;
			productReference = 35E9BA202E3FE23600FEAACC /* addingToAListOfWordsUITests.xctest */;
			productType = "com.apple.product-type.bundle.ui-testing";
		};
/* End PBXNativeTarget section */

/* Begin PBXProject section */
		35E9BA012E3FE23400FEAACC /* Project object */ = {
			isa = PBXProject;
			attributes = {
				BuildIndependentTargetsInParallel = 1;
				LastSwiftUpdateCheck = 1640;
				LastUpgradeCheck = 1640;
				TargetAttributes = {
					35E9BA082E3FE23400FEAACC = {
						CreatedOnToolsVersion = 16.4;
					};
					35E9BA152E3FE23600FEAACC = {
						CreatedOnToolsVersion = 16.4;
						TestTargetID = 35E9BA082E3FE23400FEAACC;
					};
					35E9BA1F2E3FE23600FEAACC = {
						CreatedOnToolsVersion = 16.4;
						TestTargetID = 35E9BA082E3FE23400FEAACC;
					};
				};
			};
			buildConfigurationList = 35E9BA042E3FE23400FEAACC /* Build configuration list for PBXProject "addingToAListOfWords" */;
			developmentRegion = en;
			hasScannedForEncodings = 0;
			knownRegions = (
				en,
				Base,
			);
			mainGroup = 35E9BA002E3FE23400FEAACC;
			minimizedProjectReferenceProxies = 1;
			preferredProjectObjectVersion = 77;
			productRefGroup = 35E9BA0A2E3FE23400FEAACC /* Products */;
			projectDirPath = "";
			projectRoot = "";
			targets = (
				35E9BA082E3FE23400FEAACC /* addingToAListOfWords */,
				35E9BA152E3FE23600FEAACC /* addingToAListOfWordsTests */,
				35E9BA1F2E3FE23600FEAACC /* addingToAListOfWordsUITests */,
			);
		};
/* End PBXProject section */

/* Begin PBXResourcesBuildPhase section */
		35E9BA072E3FE23400FEAACC /* Resources */ = {
			isa = PBXResourcesBuildPhase;
			buildActionMask = 2147483647;
			files = (
			);
			runOnlyForDeploymentPostprocessing = 0;
		};
		35E9BA142E3FE23600FEAACC /* Resources */ = {
			isa = PBXResourcesBuildPhase;
			buildActionMask = 2147483647;
			files = (
			);
			runOnlyForDeploymentPostprocessing = 0;
		};
		35E9BA1E2E3FE23600FEAACC /* Resources */ = {
			isa = PBXResourcesBuildPhase;
			buildActionMask = 2147483647;
			files = (
			);
			runOnlyForDeploymentPostprocessing = 0;
		};
/* End PBXResourcesBuildPhase section */

/* Begin PBXSourcesBuildPhase section */
		35E9BA052E3FE23400FEAACC /* Sources */ = {
			isa = PBXSourcesBuildPhase;
			buildActionMask = 2147483647;
			files = (
			);
			runOnlyForDeploymentPostprocessing = 0;
		};
		35E9BA122E3FE23600FEAACC /* Sources */ = {
			isa = PBXSourcesBuildPhase;
			buildActionMask = 2147483647;
			files = (
			);
			runOnlyForDeploymentPostprocessing = 0;
		};
		35E9BA1C2E3FE23600FEAACC /* Sources */ = {
			isa = PBXSourcesBuildPhase;
			buildActionMask = 2147483647;
			files = (
			);
			runOnlyForDeploymentPostprocessing = 0;
		};
/* End PBXSourcesBuildPhase section */

/* Begin PBXTargetDependency section */
		35E9BA182E3FE23600FEAACC /* PBXTargetDependency */ = {
			isa = PBXTargetDependency;
			target = 35E9BA082E3FE23400FEAACC /* addingToAListOfWords */;
			targetProxy = 35E9BA172E3FE23600FEAACC /* PBXContainerItemProxy */;
		};
		35E9BA222E3FE23600FEAACC /* PBXTargetDependency */ = {
			isa = PBXTargetDependency;
			target = 35E9BA082E3FE23400FEAACC /* addingToAListOfWords */;
			targetProxy = 35E9BA212E3FE23600FEAACC /* PBXContainerItemProxy */;
		};
/* End PBXTargetDependency section */

/* Begin XCBuildConfiguration section */
		35E9BA282E3FE23600FEAACC /* Debug */ = {
			isa = XCBuildConfiguration;
			buildSettings = {
				ALWAYS_SEARCH_USER_PATHS = NO;
				ASSETCATALOG_COMPILER_GENERATE_SWIFT_ASSET_SYMBOL_EXTENSIONS = YES;
				CLANG_ANALYZER_NONNULL = YES;
				CLANG_ANALYZER_NUMBER_OBJECT_CONVERSION = YES_AGGRESSIVE;
				CLANG_CXX_LANGUAGE_STANDARD = "gnu++20";
				CLANG_ENABLE_MODULES = YES;
				CLANG_ENABLE_OBJC_ARC = YES;
				CLANG_ENABLE_OBJC_WEAK = YES;
				CLANG_WARN_BLOCK_CAPTURE_AUTORELEASING = YES;
				CLANG_WARN_BOOL_CONVERSION = YES;
				CLANG_WARN_COMMA = YES;
				CLANG_WARN_CONSTANT_CONVERSION = YES;
				CLANG_WARN_DEPRECATED_OBJC_IMPLEMENTATIONS = YES;
				CLANG_WARN_DIRECT_OBJC_ISA_USAGE = YES_ERROR;
				CLANG_WARN_DOCUMENTATION_COMMENTS = YES;
				CLANG_WARN_EMPTY_BODY = YES;
				CLANG_WARN_ENUM_CONVERSION = YES;
				CLANG_WARN_INFINITE_RECURSION = YES;
				CLANG_WARN_INT_CONVERSION = YES;
				CLANG_WARN_NON_LITERAL_NULL_CONVERSION = YES;
				CLANG_WARN_OBJC_IMPLICIT_RETAIN_SELF = YES;
				CLANG_WARN_OBJC_LITERAL_CONVERSION = YES;
				CLANG_WARN_OBJC_ROOT_CLASS = YES_ERROR;
				CLANG_WARN_QUOTED_INCLUDE_IN_FRAMEWORK_HEADER = YES;
				CLANG_WARN_RANGE_LOOP_ANALYSIS = YES;
				CLANG_WARN_STRICT_PROTOTYPES = YES;
				CLANG_WARN_SUSPICIOUS_MOVE = YES;
				CLANG_WARN_UNGUARDED_AVAILABILITY = YES_AGGRESSIVE;
				CLANG_WARN_UNREACHABLE_CODE = YES;
				CLANG_WARN__DUPLICATE_METHOD_MATCH = YES;
				COPY_PHASE_STRIP = NO;
				DEBUG_INFORMATION_FORMAT = dwarf;
				ENABLE_STRICT_OBJC_MSGSEND = YES;
				ENABLE_TESTABILITY = YES;
				ENABLE_USER_SCRIPT_SANDBOXING = YES;
				GCC_C_LANGUAGE_STANDARD = gnu17;
				GCC_DYNAMIC_NO_PIC = NO;
				GCC_NO_COMMON_BLOCKS = YES;
				GCC_OPTIMIZATION_LEVEL = 0;
				GCC_PREPROCESSOR_DEFINITIONS = (
					"DEBUG=1",
					"$(inherited)",
				);
				GCC_WARN_64_TO_32_BIT_CONVERSION = YES;
				GCC_WARN_ABOUT_RETURN_TYPE = YES_ERROR;
				GCC_WARN_UNDECLARED_SELECTOR = YES;
				GCC_WARN_UNINITIALIZED_AUTOS = YES_AGGRESSIVE;
				GCC_WARN_UNUSED_FUNCTION = YES;
				GCC_WARN_UNUSED_VARIABLE = YES;
				IPHONEOS_DEPLOYMENT_TARGET = 18.5;
				LOCALIZATION_PREFERS_STRING_CATALOGS = YES;
				MTL_ENABLE_DEBUG_INFO = INCLUDE_SOURCE;
				MTL_FAST_MATH = YES;
				ONLY_ACTIVE_ARCH = YES;
				SDKROOT = iphoneos;
				SWIFT_ACTIVE_COMPILATION_CONDITIONS = "DEBUG $(inherited)";
				SWIFT_OPTIMIZATION_LEVEL = "-Onone";
			};
			name = Debug;
		};
		35E9BA292E3FE23600FEAACC /* Release */ = {
			isa = XCBuildConfiguration;
			buildSettings = {
				ALWAYS_SEARCH_USER_PATHS = NO;
				ASSETCATALOG_COMPILER_GENERATE_SWIFT_ASSET_SYMBOL_EXTENSIONS = YES;
				CLANG_ANALYZER_NONNULL = YES;
				CLANG_ANALYZER_NUMBER_OBJECT_CONVERSION = YES_AGGRESSIVE;
				CLANG_CXX_LANGUAGE_STANDARD = "gnu++20";
				CLANG_ENABLE_MODULES = YES;
				CLANG_ENABLE_OBJC_ARC = YES;
				CLANG_ENABLE_OBJC_WEAK = YES;
				CLANG_WARN_BLOCK_CAPTURE_AUTORELEASING = YES;
				CLANG_WARN_BOOL_CONVERSION = YES;
				CLANG_WARN_COMMA = YES;
				CLANG_WARN_CONSTANT_CONVERSION = YES;
				CLANG_WARN_DEPRECATED_OBJC_IMPLEMENTATIONS = YES;
				CLANG_WARN_DIRECT_OBJC_ISA_USAGE = YES_ERROR;
				CLANG_WARN_DOCUMENTATION_COMMENTS = YES;
				CLANG_WARN_EMPTY_BODY = YES;
				CLANG_WARN_ENUM_CONVERSION = YES;
				CLANG_WARN_INFINITE_RECURSION = YES;
				CLANG_WARN_INT_CONVERSION = YES;
				CLANG_WARN_NON_LITERAL_NULL_CONVERSION = YES;
				CLANG_WARN_OBJC_IMPLICIT_RETAIN_SELF = YES;
				CLANG_WARN_OBJC_LITERAL_CONVERSION = YES;
				CLANG_WARN_OBJC_ROOT_CLASS = YES_ERROR;
				CLANG_WARN_QUOTED_INCLUDE_IN_FRAMEWORK_HEADER = YES;
				CLANG_WARN_RANGE_LOOP_ANALYSIS = YES;
				CLANG_WARN_STRICT_PROTOTYPES = YES;
				CLANG_WARN_SUSPICIOUS_MOVE = YES;
				CLANG_WARN_UNGUARDED_AVAILABILITY = YES_AGGRESSIVE;
				CLANG_WARN_UNREACHABLE_CODE = YES;
				CLANG_WARN__DUPLICATE_METHOD_MATCH = YES;
				COPY_PHASE_STRIP = NO;
				DEBUG_INFORMATION_FORMAT = "dwarf-with-dsym";
				ENABLE_NS_ASSERTIONS = NO;
				ENABLE_STRICT_OBJC_MSGSEND = YES;
				ENABLE_USER_SCRIPT_SANDBOXING = YES;
				GCC_C_LANGUAGE_STANDARD = gnu17;
				GCC_NO_COMMON_BLOCKS = YES;
				GCC_WARN_64_TO_32_BIT_CONVERSION = YES;
				GCC_WARN_ABOUT_RETURN_TYPE = YES_ERROR;
				GCC_WARN_UNDECLARED_SELECTOR = YES;
				GCC_WARN_UNINITIALIZED_AUTOS = YES_AGGRESSIVE;
				GCC_WARN_UNUSED_FUNCTION = YES;
				GCC_WARN_UNUSED_VARIABLE = YES;
				IPHONEOS_DEPLOYMENT_TARGET = 18.5;
				LOCALIZATION_PREFERS_STRING_CATALOGS = YES;
				MTL_ENABLE_DEBUG_INFO = NO;
				MTL_FAST_MATH = YES;
				SDKROOT = iphoneos;
				SWIFT_COMPILATION_MODE = wholemodule;
				VALIDATE_PRODUCT = YES;
			};
			name = Release;
		};
		35E9BA2B2E3FE23600FEAACC /* Debug */ = {
			isa = XCBuildConfiguration;
			buildSettings = {
				ASSETCATALOG_COMPILER_APPICON_NAME = AppIcon;
				ASSETCATALOG_COMPILER_GLOBAL_ACCENT_COLOR_NAME = AccentColor;
				CODE_SIGN_STYLE = Automatic;
				CURRENT_PROJECT_VERSION = 1;
				ENABLE_PREVIEWS = YES;
				GENERATE_INFOPLIST_FILE = YES;
				INFOPLIST_KEY_UIApplicationSceneManifest_Generation = YES;
				INFOPLIST_KEY_UIApplicationSupportsIndirectInputEvents = YES;
				INFOPLIST_KEY_UILaunchScreen_Generation = YES;
				INFOPLIST_KEY_UISupportedInterfaceOrientations_iPad = "UIInterfaceOrientationPortrait UIInterfaceOrientationPortraitUpsideDown UIInterfaceOrientationLandscapeLeft UIInterfaceOrientationLandscapeRight";
				INFOPLIST_KEY_UISupportedInterfaceOrientations_iPhone = "UIInterfaceOrientationPortrait UIInterfaceOrientationLandscapeLeft UIInterfaceOrientationLandscapeRight";
				LD_RUNPATH_SEARCH_PATHS = (
					"$(inherited)",
					"@executable_path/Frameworks",
				);
				MARKETING_VERSION = 1.0;
				PRODUCT_BUNDLE_IDENTIFIER = gunish.addingToAListOfWords;
				PRODUCT_NAME = "$(TARGET_NAME)";
				SWIFT_EMIT_LOC_STRINGS = YES;
				SWIFT_VERSION = 5.0;
				TARGETED_DEVICE_FAMILY = "1,2";
			};
			name = Debug;
		};
		35E9BA2C2E3FE23600FEAACC /* Release */ = {
			isa = XCBuildConfiguration;
			buildSettings = {
				ASSETCATALOG_COMPILER_APPICON_NAME = AppIcon;
				ASSETCATALOG_COMPILER_GLOBAL_ACCENT_COLOR_NAME = AccentColor;
				CODE_SIGN_STYLE = Automatic;
				CURRENT_PROJECT_VERSION = 1;
				ENABLE_PREVIEWS = YES;
				GENERATE_INFOPLIST_FILE = YES;
				INFOPLIST_KEY_UIApplicationSceneManifest_Generation = YES;
				INFOPLIST_KEY_UIApplicationSupportsIndirectInputEvents = YES;
				INFOPLIST_KEY_UILaunchScreen_Generation = YES;
				INFOPLIST_KEY_UISupportedInterfaceOrientations_iPad = "UIInterfaceOrientationPortrait UIInterfaceOrientationPortraitUpsideDown UIInterfaceOrientationLandscapeLeft UIInterfaceOrientationLandscapeRight";
				INFOPLIST_KEY_UISupportedInterfaceOrientations_iPhone = "UIInterfaceOrientationPortrait UIInterfaceOrientationLandscapeLeft UIInterfaceOrientationLandscapeRight";
				LD_RUNPATH_SEARCH_PATHS = (
					"$(inherited)",
					"@executable_path/Frameworks",
				);
				MARKETING_VERSION = 1.0;
				PRODUCT_BUNDLE_IDENTIFIER = gunish.addingToAListOfWords;
				PRODUCT_NAME = "$(TARGET_NAME)";
				SWIFT_EMIT_LOC_STRINGS = YES;
				SWIFT_VERSION = 5.0;
				TARGETED_DEVICE_FAMILY = "1,2";
			};
			name = Release;
		};
		35E9BA2E2E3FE23600FEAACC /* Debug */ = {
			isa = XCBuildConfiguration;
			buildSettings = {
				BUNDLE_LOADER = "$(TEST_HOST)";
				CODE_SIGN_STYLE = Automatic;
				CURRENT_PROJECT_VERSION = 1;
				GENERATE_INFOPLIST_FILE = YES;
				IPHONEOS_DEPLOYMENT_TARGET = 18.5;
				MARKETING_VERSION = 1.0;
				PRODUCT_BUNDLE_IDENTIFIER = gunish.addingToAListOfWordsTests;
				PRODUCT_NAME = "$(TARGET_NAME)";
				SWIFT_EMIT_LOC_STRINGS = NO;
				SWIFT_VERSION = 5.0;
				TARGETED_DEVICE_FAMILY = "1,2";
				TEST_HOST = "$(BUILT_PRODUCTS_DIR)/addingToAListOfWords.app/$(BUNDLE_EXECUTABLE_FOLDER_PATH)/addingToAListOfWords";
			};
			name = Debug;
		};
		35E9BA2F2E3FE23600FEAACC /* Release */ = {
			isa = XCBuildConfiguration;
			buildSettings = {
				BUNDLE_LOADER = "$(TEST_HOST)";
				CODE_SIGN_STYLE = Automatic;
				CURRENT_PROJECT_VERSION = 1;
				GENERATE_INFOPLIST_FILE = YES;
				IPHONEOS_DEPLOYMENT_TARGET = 18.5;
				MARKETING_VERSION = 1.0;
				PRODUCT_BUNDLE_IDENTIFIER = gunish.addingToAListOfWordsTests;
				PRODUCT_NAME = "$(TARGET_NAME)";
				SWIFT_EMIT_LOC_STRINGS = NO;
				SWIFT_VERSION = 5.0;
				TARGETED_DEVICE_FAMILY = "1,2";
				TEST_HOST = "$(BUILT_PRODUCTS_DIR)/addingToAListOfWords.app/$(BUNDLE_EXECUTABLE_FOLDER_PATH)/addingToAListOfWords";
			};
			name = Release;
		};
		35E9BA312E3FE23600FEAACC /* Debug */ = {
			isa = XCBuildConfiguration;
			buildSettings = {
				CODE_SIGN_STYLE = Automatic;
				CURRENT_PROJECT_VERSION = 1;
				GENERATE_INFOPLIST_FILE = YES;
				MARKETING_VERSION = 1.0;
				PRODUCT_BUNDLE_IDENTIFIER = gunish.addingToAListOfWordsUITests;
				PRODUCT_NAME = "$(TARGET_NAME)";
				SWIFT_EMIT_LOC_STRINGS = NO;
				SWIFT_VERSION = 5.0;
				TARGETED_DEVICE_FAMILY = "1,2";
				TEST_TARGET_NAME = addingToAListOfWords;
			};
			name = Debug;
		};
		35E9BA322E3FE23600FEAACC /* Release */ = {
			isa = XCBuildConfiguration;
			buildSettings = {
				CODE_SIGN_STYLE = Automatic;
				CURRENT_PROJECT_VERSION = 1;
				GENERATE_INFOPLIST_FILE = YES;
				MARKETING_VERSION = 1.0;
				PRODUCT_BUNDLE_IDENTIFIER = gunish.addingToAListOfWordsUITests;
				PRODUCT_NAME = "$(TARGET_NAME)";
				SWIFT_EMIT_LOC_STRINGS = NO;
				SWIFT_VERSION = 5.0;
				TARGETED_DEVICE_FAMILY = "1,2";
				TEST_TARGET_NAME = addingToAListOfWords;
			};
			name = Release;
		};
/* End XCBuildConfiguration section */

/* Begin XCConfigurationList section */
		35E9BA042E3FE23400FEAACC /* Build configuration list for PBXProject "addingToAListOfWords" */ = {
			isa = XCConfigurationList;
			buildConfigurations = (
				35E9BA282E3FE23600FEAACC /* Debug */,
				35E9BA292E3FE23600FEAACC /* Release */,
			);
			defaultConfigurationIsVisible = 0;
			defaultConfigurationName = Release;
		};
		35E9BA2A2E3FE23600FEAACC /* Build configuration list for PBXNativeTarget "addingToAListOfWords" */ = {
			isa = XCConfigurationList;
			buildConfigurations = (
				35E9BA2B2E3FE23600FEAACC /* Debug */,
				35E9BA2C2E3FE23600FEAACC /* Release */,
			);
			defaultConfigurationIsVisible = 0;
			defaultConfigurationName = Release;
		};
		35E9BA2D2E3FE23600FEAACC /* Build configuration list for PBXNativeTarget "addingToAListOfWordsTests" */ = {
			isa = XCConfigurationList;
			buildConfigurations = (
				35E9BA2E2E3FE23600FEAACC /* Debug */,
				35E9BA2F2E3FE23600FEAACC /* Release */,
			);
			defaultConfigurationIsVisible = 0;
			defaultConfigurationName = Release;
		};
		35E9BA302E3FE23600FEAACC /* Build configuration list for PBXNativeTarget "addingToAListOfWordsUITests" */ = {
			isa = XCConfigurationList;
			buildConfigurations = (
				35E9BA312E3FE23600FEAACC /* Debug */,
				35E9BA322E3FE23600FEAACC /* Release */,
			);
			defaultConfigurationIsVisible = 0;
			defaultConfigurationName = Release;
		};
/* End XCConfigurationList section */
	};
	rootObject = 35E9BA012E3FE23400FEAACC /* Project object */;
}
